{
  "name": "quic-benchmark",
  "version": "1.0.0",
  "lockfileVersion": 1,
  "requires": true,
  "dependencies": {
    "hexdump-nodejs": {
      "version": "0.1.0",
      "resolved": "https://registry.npmjs.org/hexdump-nodejs/-/hexdump-nodejs-0.1.0.tgz",
      "integrity": "sha1-W2KB2R3YjHnfpRtC8I2sTML5rpI="
    }
  }
}
